// !$*UTF8*$!
{
	archiveVersion = 1;
	classes = {
	};
	objectVersion = 50;
	objects = {

/* Begin PBXBuildFile section */
		3867FA1427772C0D005E1948 /* main.cpp in Sources */ = {isa = PBXBuildFile; fileRef = 3867FA1327772C0D005E1948 /* main.cpp */; };
		3867FA1D27772C1D005E1948 /* Cocoa.framework in Frameworks */ = {isa = PBXBuildFile; fileRef = 3867FA1C27772C1D005E1948 /* Cocoa.framework */; };
		3867FA1F27772C25005E1948 /* GLUT.framework in Frameworks */ = {isa = PBXBuildFile; fileRef = 3867FA1E27772C25005E1948 /* GLUT.framework */; };
		3867FA2127772C2C005E1948 /* OpenGL.framework in Frameworks */ = {isa = PBXBuildFile; fileRef = 3867FA2027772C2C005E1948 /* OpenGL.framework */; };
		3867FA2427772C4A005E1948 /* IOKit.framework in Frameworks */ = {isa = PBXBuildFile; fileRef = 3867FA2327772C4A005E1948 /* IOKit.framework */; };
		3867FA2627772C6B005E1948 /* libglfw3.a in Frameworks */ = {isa = PBXBuildFile; fileRef = 3867FA2527772C6A005E1948 /* libglfw3.a */; };
		388617E42786F884008D8E58 /* CoreVideo.framework in Frameworks */ = {isa = PBXBuildFile; fileRef = 388617E32786F884008D8E58 /* CoreVideo.framework */; };
		388617EA27886F63008D8E58 /* libSOIL.a in Frameworks */ = {isa = PBXBuildFile; fileRef = 388617E927886F63008D8E58 /* libSOIL.a */; };
		388617ED278A9BCC008D8E58 /* libOpenEXR-3_1.29.0.0.dylib in Frameworks */ = {isa = PBXBuildFile; fileRef = 388617EC278A9BCC008D8E58 /* libOpenEXR-3_1.29.0.0.dylib */; };
		388617F2278AA6AD008D8E58 /* libImath-3_2.29.0.0.dylib in Frameworks */ = {isa = PBXBuildFile; fileRef = 388617EE278A9F87008D8E58 /* libImath-3_2.29.0.0.dylib */; };
		388617F5278AA730008D8E58 /* libOpenEXRCore-3_1.29.0.0.dylib in Frameworks */ = {isa = PBXBuildFile; fileRef = 388617F4278AA730008D8E58 /* libOpenEXRCore-3_1.29.0.0.dylib */; };
		388617F7278AA731008D8E58 /* libOpenEXRUtil-3_1.29.0.0.dylib in Frameworks */ = {isa = PBXBuildFile; fileRef = 388617F6278AA731008D8E58 /* libOpenEXRUtil-3_1.29.0.0.dylib */; };
		388617FA278AA8C2008D8E58 /* libIex-3_1.29.0.0.dylib in Frameworks */ = {isa = PBXBuildFile; fileRef = 388617F9278AA8C2008D8E58 /* libIex-3_1.29.0.0.dylib */; };
		388F6D87277C4B0600FA247F /* libGLTools.a in Frameworks */ = {isa = PBXBuildFile; fileRef = 388F6D85277C4A0700FA247F /* libGLTools.a */; };
		388F6D8F277C5BEE00FA247F /* libGLEW.a in Frameworks */ = {isa = PBXBuildFile; fileRef = 388F6D8E277C5BEE00FA247F /* libGLEW.a */; };
		38C061A02815418900A3CA85 /* Application.cpp in Sources */ = {isa = PBXBuildFile; fileRef = 38C0619E2815418900A3CA85 /* Application.cpp */; };
		38C061B12815432C00A3CA85 /* Log.cpp in Sources */ = {isa = PBXBuildFile; fileRef = 38C061B02815432C00A3CA85 /* Log.cpp */; };
/* End PBXBuildFile section */

/* Begin PBXCopyFilesBuildPhase section */
		3867FA0E27772C0D005E1948 /* CopyFiles */ = {
			isa = PBXCopyFilesBuildPhase;
			buildActionMask = 2147483647;
			dstPath = /usr/share/man/man1/;
			dstSubfolderSpec = 0;
			files = (
			);
			runOnlyForDeploymentPostprocessing = 1;
		};
/* End PBXCopyFilesBuildPhase section */

/* Begin PBXFileReference section */
		3867FA1027772C0D005E1948 /* OpenglLearn */ = {isa = PBXFileReference; explicitFileType = "compiled.mach-o.executable"; includeInIndex = 0; path = OpenglLearn; sourceTree = BUILT_PRODUCTS_DIR; };
		3867FA1327772C0D005E1948 /* main.cpp */ = {isa = PBXFileReference; lastKnownFileType = sourcecode.cpp.cpp; path = main.cpp; sourceTree = "<group>"; };
		3867FA1C27772C1D005E1948 /* Cocoa.framework */ = {isa = PBXFileReference; lastKnownFileType = wrapper.framework; name = Cocoa.framework; path = System/Library/Frameworks/Cocoa.framework; sourceTree = SDKROOT; };
		3867FA1E27772C25005E1948 /* GLUT.framework */ = {isa = PBXFileReference; lastKnownFileType = wrapper.framework; name = GLUT.framework; path = System/Library/Frameworks/GLUT.framework; sourceTree = SDKROOT; };
		3867FA2027772C2C005E1948 /* OpenGL.framework */ = {isa = PBXFileReference; lastKnownFileType = wrapper.framework; name = OpenGL.framework; path = System/Library/Frameworks/OpenGL.framework; sourceTree = SDKROOT; };
		3867FA2327772C4A005E1948 /* IOKit.framework */ = {isa = PBXFileReference; lastKnownFileType = wrapper.framework; name = IOKit.framework; path = System/Library/Frameworks/IOKit.framework; sourceTree = SDKROOT; };
		3867FA2527772C6A005E1948 /* libglfw3.a */ = {isa = PBXFileReference; lastKnownFileType = archive.ar; name = libglfw3.a; path = ../../../../usr/local/lib/libglfw3.a; sourceTree = "<group>"; };
		388617E32786F884008D8E58 /* CoreVideo.framework */ = {isa = PBXFileReference; lastKnownFileType = wrapper.framework; name = CoreVideo.framework; path = System/Library/Frameworks/CoreVideo.framework; sourceTree = SDKROOT; };
		388617E927886F63008D8E58 /* libSOIL.a */ = {isa = PBXFileReference; lastKnownFileType = archive.ar; name = libSOIL.a; path = ../../../../usr/local/lib/libSOIL.a; sourceTree = "<group>"; };
		388617EC278A9BCC008D8E58 /* libOpenEXR-3_1.29.0.0.dylib */ = {isa = PBXFileReference; lastKnownFileType = "compiled.mach-o.dylib"; name = "libOpenEXR-3_1.29.0.0.dylib"; path = "../../../../usr/local/lib/libOpenEXR-3_1.29.0.0.dylib"; sourceTree = "<group>"; };
		388617EE278A9F87008D8E58 /* libImath-3_2.29.0.0.dylib */ = {isa = PBXFileReference; lastKnownFileType = "compiled.mach-o.dylib"; name = "libImath-3_2.29.0.0.dylib"; path = "../../../../usr/local/lib/libImath-3_2.29.0.0.dylib"; sourceTree = "<group>"; };
		388617F4278AA730008D8E58 /* libOpenEXRCore-3_1.29.0.0.dylib */ = {isa = PBXFileReference; lastKnownFileType = "compiled.mach-o.dylib"; name = "libOpenEXRCore-3_1.29.0.0.dylib"; path = "../../../../usr/local/lib/libOpenEXRCore-3_1.29.0.0.dylib"; sourceTree = "<group>"; };
		388617F6278AA731008D8E58 /* libOpenEXRUtil-3_1.29.0.0.dylib */ = {isa = PBXFileReference; lastKnownFileType = "compiled.mach-o.dylib"; name = "libOpenEXRUtil-3_1.29.0.0.dylib"; path = "../../../../usr/local/lib/libOpenEXRUtil-3_1.29.0.0.dylib"; sourceTree = "<group>"; };
		388617F9278AA8C2008D8E58 /* libIex-3_1.29.0.0.dylib */ = {isa = PBXFileReference; lastKnownFileType = "compiled.mach-o.dylib"; name = "libIex-3_1.29.0.0.dylib"; path = "../../../../usr/local/lib/libIex-3_1.29.0.0.dylib"; sourceTree = "<group>"; };
		388F6D85277C4A0700FA247F /* libGLTools.a */ = {isa = PBXFileReference; lastKnownFileType = archive.ar; name = libGLTools.a; path = ../../../../usr/local/lib/libGLTools.a; sourceTree = "<group>"; };
		388F6D8E277C5BEE00FA247F /* libGLEW.a */ = {isa = PBXFileReference; lastKnownFileType = archive.ar; name = libGLEW.a; path = ../../../../usr/local/lib/libGLEW.a; sourceTree = "<group>"; };
		3895028728166C210093E5D1 /* KeyCodes.hpp */ = {isa = PBXFileReference; lastKnownFileType = sourcecode.cpp.h; path = KeyCodes.hpp; sourceTree = "<group>"; };
		3895028828166C210093E5D1 /* MouseCodes.hpp */ = {isa = PBXFileReference; lastKnownFileType = sourcecode.cpp.h; path = MouseCodes.hpp; sourceTree = "<group>"; };
		3895028928166C330093E5D1 /* KeyEvent.hpp */ = {isa = PBXFileReference; lastKnownFileType = sourcecode.cpp.h; path = KeyEvent.hpp; sourceTree = "<group>"; };
		3895028A28166C330093E5D1 /* MouseEvents.hpp */ = {isa = PBXFileReference; lastKnownFileType = sourcecode.cpp.h; path = MouseEvents.hpp; sourceTree = "<group>"; };
		38C0619E2815418900A3CA85 /* Application.cpp */ = {isa = PBXFileReference; lastKnownFileType = sourcecode.cpp.cpp; path = Application.cpp; sourceTree = "<group>"; };
		38C0619F2815418900A3CA85 /* Application.hpp */ = {isa = PBXFileReference; lastKnownFileType = sourcecode.cpp.h; path = Application.hpp; sourceTree = "<group>"; };
		38C061AC2815432B00A3CA85 /* Core.hpp */ = {isa = PBXFileReference; fileEncoding = 4; lastKnownFileType = sourcecode.cpp.h; path = Core.hpp; sourceTree = "<group>"; };
		38C061AD2815432C00A3CA85 /* Hazel.hpp */ = {isa = PBXFileReference; fileEncoding = 4; lastKnownFileType = sourcecode.cpp.h; path = Hazel.hpp; sourceTree = "<group>"; };
		38C061AE2815432C00A3CA85 /* Log.hpp */ = {isa = PBXFileReference; fileEncoding = 4; lastKnownFileType = sourcecode.cpp.h; path = Log.hpp; sourceTree = "<group>"; };
		38C061AF2815432C00A3CA85 /* EntryPoint.hpp */ = {isa = PBXFileReference; fileEncoding = 4; lastKnownFileType = sourcecode.cpp.h; path = EntryPoint.hpp; sourceTree = "<group>"; };
		38C061B02815432C00A3CA85 /* Log.cpp */ = {isa = PBXFileReference; fileEncoding = 4; lastKnownFileType = sourcecode.cpp.cpp; path = Log.cpp; sourceTree = "<group>"; };
		38C061B5281593BD00A3CA85 /* Event.hpp */ = {isa = PBXFileReference; lastKnownFileType = sourcecode.cpp.h; path = Event.hpp; sourceTree = "<group>"; };
		38C061BA2815968E00A3CA85 /* ApplicationEvent.hpp */ = {isa = PBXFileReference; lastKnownFileType = sourcecode.cpp.h; path = ApplicationEvent.hpp; sourceTree = "<group>"; };
/* End PBXFileReference section */

/* Begin PBXFrameworksBuildPhase section */
		3867FA0D27772C0D005E1948 /* Frameworks */ = {
			isa = PBXFrameworksBuildPhase;
			buildActionMask = 2147483647;
			files = (
				388617E42786F884008D8E58 /* CoreVideo.framework in Frameworks */,
				3867FA2627772C6B005E1948 /* libglfw3.a in Frameworks */,
				388617F7278AA731008D8E58 /* libOpenEXRUtil-3_1.29.0.0.dylib in Frameworks */,
				388F6D87277C4B0600FA247F /* libGLTools.a in Frameworks */,
				388617FA278AA8C2008D8E58 /* libIex-3_1.29.0.0.dylib in Frameworks */,
				388617F5278AA730008D8E58 /* libOpenEXRCore-3_1.29.0.0.dylib in Frameworks */,
				388617ED278A9BCC008D8E58 /* libOpenEXR-3_1.29.0.0.dylib in Frameworks */,
				388617F2278AA6AD008D8E58 /* libImath-3_2.29.0.0.dylib in Frameworks */,
				388F6D8F277C5BEE00FA247F /* libGLEW.a in Frameworks */,
				388617EA27886F63008D8E58 /* libSOIL.a in Frameworks */,
				3867FA2427772C4A005E1948 /* IOKit.framework in Frameworks */,
				3867FA2127772C2C005E1948 /* OpenGL.framework in Frameworks */,
				3867FA1F27772C25005E1948 /* GLUT.framework in Frameworks */,
				3867FA1D27772C1D005E1948 /* Cocoa.framework in Frameworks */,
			);
			runOnlyForDeploymentPostprocessing = 0;
		};
/* End PBXFrameworksBuildPhase section */

/* Begin PBXGroup section */
		3867FA0727772C0D005E1948 = {
			isa = PBXGroup;
			children = (
				3867FA1227772C0D005E1948 /* OpenglLearn */,
				3867FA1127772C0D005E1948 /* Products */,
				3867FA1B27772C1C005E1948 /* Frameworks */,
			);
			sourceTree = "<group>";
		};
		3867FA1127772C0D005E1948 /* Products */ = {
			isa = PBXGroup;
			children = (
				3867FA1027772C0D005E1948 /* OpenglLearn */,
			);
			name = Products;
			sourceTree = "<group>";
		};
		3867FA1227772C0D005E1948 /* OpenglLearn */ = {
			isa = PBXGroup;
			children = (
				38C0619D2815414A00A3CA85 /* Hazel */,
				3867FA1327772C0D005E1948 /* main.cpp */,
			);
			path = OpenglLearn;
			sourceTree = "<group>";
		};
		3867FA1B27772C1C005E1948 /* Frameworks */ = {
			isa = PBXGroup;
			children = (
				388617F9278AA8C2008D8E58 /* libIex-3_1.29.0.0.dylib */,
				388617F6278AA731008D8E58 /* libOpenEXRUtil-3_1.29.0.0.dylib */,
				388617F4278AA730008D8E58 /* libOpenEXRCore-3_1.29.0.0.dylib */,
				388617EE278A9F87008D8E58 /* libImath-3_2.29.0.0.dylib */,
				388617EC278A9BCC008D8E58 /* libOpenEXR-3_1.29.0.0.dylib */,
				388617E927886F63008D8E58 /* libSOIL.a */,
				388617E32786F884008D8E58 /* CoreVideo.framework */,
				388F6D8E277C5BEE00FA247F /* libGLEW.a */,
				388F6D85277C4A0700FA247F /* libGLTools.a */,
				3867FA2527772C6A005E1948 /* libglfw3.a */,
				3867FA2327772C4A005E1948 /* IOKit.framework */,
				3867FA2027772C2C005E1948 /* OpenGL.framework */,
				3867FA1E27772C25005E1948 /* GLUT.framework */,
				3867FA1C27772C1D005E1948 /* Cocoa.framework */,
			);
			name = Frameworks;
			sourceTree = "<group>";
		};
		3895028628166C210093E5D1 /* Core */ = {
			isa = PBXGroup;
			children = (
				3895028728166C210093E5D1 /* KeyCodes.hpp */,
				3895028828166C210093E5D1 /* MouseCodes.hpp */,
			);
			path = Core;
			sourceTree = "<group>";
		};
		38C0619D2815414A00A3CA85 /* Hazel */ = {
			isa = PBXGroup;
			children = (
				3895028628166C210093E5D1 /* Core */,
				38C061B3281593AC00A3CA85 /* Events */,
				38C0619E2815418900A3CA85 /* Application.cpp */,
				38C0619F2815418900A3CA85 /* Application.hpp */,
				38C061AC2815432B00A3CA85 /* Core.hpp */,
				38C061AF2815432C00A3CA85 /* EntryPoint.hpp */,
				38C061AD2815432C00A3CA85 /* Hazel.hpp */,
				38C061B02815432C00A3CA85 /* Log.cpp */,
				38C061AE2815432C00A3CA85 /* Log.hpp */,
			);
			path = Hazel;
			sourceTree = "<group>";
		};
		38C061B3281593AC00A3CA85 /* Events */ = {
			isa = PBXGroup;
			children = (
				3895028928166C330093E5D1 /* KeyEvent.hpp */,
				3895028A28166C330093E5D1 /* MouseEvents.hpp */,
				38C061B5281593BD00A3CA85 /* Event.hpp */,
				38C061BA2815968E00A3CA85 /* ApplicationEvent.hpp */,
			);
			path = Events;
			sourceTree = "<group>";
		};
/* End PBXGroup section */

/* Begin PBXNativeTarget section */
		3867FA0F27772C0D005E1948 /* OpenglLearn */ = {
			isa = PBXNativeTarget;
			buildConfigurationList = 3867FA1727772C0D005E1948 /* Build configuration list for PBXNativeTarget "OpenglLearn" */;
			buildPhases = (
				3867FA0C27772C0D005E1948 /* Sources */,
				3867FA0D27772C0D005E1948 /* Frameworks */,
				3867FA0E27772C0D005E1948 /* CopyFiles */,
			);
			buildRules = (
			);
			dependencies = (
			);
			name = OpenglLearn;
			productName = OpenglLearn;
			productReference = 3867FA1027772C0D005E1948 /* OpenglLearn */;
			productType = "com.apple.product-type.tool";
		};
/* End PBXNativeTarget section */

/* Begin PBXProject section */
		3867FA0827772C0D005E1948 /* Project object */ = {
			isa = PBXProject;
			attributes = {
				LastUpgradeCheck = 1200;
				TargetAttributes = {
					3867FA0F27772C0D005E1948 = {
						CreatedOnToolsVersion = 12.0.1;
					};
				};
			};
			buildConfigurationList = 3867FA0B27772C0D005E1948 /* Build configuration list for PBXProject "OpenglLearn" */;
			compatibilityVersion = "Xcode 9.3";
			developmentRegion = en;
			hasScannedForEncodings = 0;
			knownRegions = (
				en,
				Base,
			);
			mainGroup = 3867FA0727772C0D005E1948;
			productRefGroup = 3867FA1127772C0D005E1948 /* Products */;
			projectDirPath = "";
			projectRoot = "";
			targets = (
				3867FA0F27772C0D005E1948 /* OpenglLearn */,
			);
		};
/* End PBXProject section */

/* Begin PBXSourcesBuildPhase section */
		3867FA0C27772C0D005E1948 /* Sources */ = {
			isa = PBXSourcesBuildPhase;
			buildActionMask = 2147483647;
			files = (
				38C061B12815432C00A3CA85 /* Log.cpp in Sources */,
				3867FA1427772C0D005E1948 /* main.cpp in Sources */,
				38C061A02815418900A3CA85 /* Application.cpp in Sources */,
			);
			runOnlyForDeploymentPostprocessing = 0;
		};
/* End PBXSourcesBuildPhase section */

/* Begin XCBuildConfiguration section */
		3867FA1527772C0D005E1948 /* Debug */ = {
			isa = XCBuildConfiguration;
			buildSettings = {
				ALWAYS_SEARCH_USER_PATHS = NO;
				CLANG_ANALYZER_NONNULL = YES;
				CLANG_ANALYZER_NUMBER_OBJECT_CONVERSION = YES_AGGRESSIVE;
				CLANG_CXX_LANGUAGE_STANDARD = "gnu++14";
				CLANG_CXX_LIBRARY = "libc++";
				CLANG_ENABLE_MODULES = YES;
				CLANG_ENABLE_OBJC_ARC = YES;
				CLANG_ENABLE_OBJC_WEAK = YES;
				CLANG_WARN_BLOCK_CAPTURE_AUTORELEASING = YES;
				CLANG_WARN_BOOL_CONVERSION = YES;
				CLANG_WARN_COMMA = YES;
				CLANG_WARN_CONSTANT_CONVERSION = YES;
				CLANG_WARN_DEPRECATED_OBJC_IMPLEMENTATIONS = YES;
				CLANG_WARN_DIRECT_OBJC_ISA_USAGE = YES_ERROR;
				CLANG_WARN_DOCUMENTATION_COMMENTS = YES;
				CLANG_WARN_EMPTY_BODY = YES;
				CLANG_WARN_ENUM_CONVERSION = YES;
				CLANG_WARN_INFINITE_RECURSION = YES;
				CLANG_WARN_INT_CONVERSION = YES;
				CLANG_WARN_NON_LITERAL_NULL_CONVERSION = YES;
				CLANG_WARN_OBJC_IMPLICIT_RETAIN_SELF = YES;
				CLANG_WARN_OBJC_LITERAL_CONVERSION = YES;
				CLANG_WARN_OBJC_ROOT_CLASS = YES_ERROR;
				CLANG_WARN_QUOTED_INCLUDE_IN_FRAMEWORK_HEADER = YES;
				CLANG_WARN_RANGE_LOOP_ANALYSIS = YES;
				CLANG_WARN_STRICT_PROTOTYPES = YES;
				CLANG_WARN_SUSPICIOUS_MOVE = YES;
				CLANG_WARN_UNGUARDED_AVAILABILITY = YES_AGGRESSIVE;
				CLANG_WARN_UNREACHABLE_CODE = YES;
				CLANG_WARN__DUPLICATE_METHOD_MATCH = YES;
				COPY_PHASE_STRIP = NO;
				DEBUG_INFORMATION_FORMAT = dwarf;
				ENABLE_STRICT_OBJC_MSGSEND = YES;
				ENABLE_TESTABILITY = YES;
				GCC_C_LANGUAGE_STANDARD = gnu11;
				GCC_DYNAMIC_NO_PIC = NO;
				GCC_NO_COMMON_BLOCKS = YES;
				GCC_OPTIMIZATION_LEVEL = 0;
				GCC_PREPROCESSOR_DEFINITIONS = (
					"DEBUG=1",
					"$(inherited)",
				);
				GCC_WARN_64_TO_32_BIT_CONVERSION = YES;
				GCC_WARN_ABOUT_RETURN_TYPE = YES_ERROR;
				GCC_WARN_UNDECLARED_SELECTOR = YES;
				GCC_WARN_UNINITIALIZED_AUTOS = YES_AGGRESSIVE;
				GCC_WARN_UNUSED_FUNCTION = YES;
				GCC_WARN_UNUSED_VARIABLE = YES;
				MACOSX_DEPLOYMENT_TARGET = 10.15;
				MTL_ENABLE_DEBUG_INFO = INCLUDE_SOURCE;
				MTL_FAST_MATH = YES;
				ONLY_ACTIVE_ARCH = YES;
				SDKROOT = macosx;
			};
			name = Debug;
		};
		3867FA1627772C0D005E1948 /* Release */ = {
			isa = XCBuildConfiguration;
			buildSettings = {
				ALWAYS_SEARCH_USER_PATHS = NO;
				CLANG_ANALYZER_NONNULL = YES;
				CLANG_ANALYZER_NUMBER_OBJECT_CONVERSION = YES_AGGRESSIVE;
				CLANG_CXX_LANGUAGE_STANDARD = "gnu++14";
				CLANG_CXX_LIBRARY = "libc++";
				CLANG_ENABLE_MODULES = YES;
				CLANG_ENABLE_OBJC_ARC = YES;
				CLANG_ENABLE_OBJC_WEAK = YES;
				CLANG_WARN_BLOCK_CAPTURE_AUTORELEASING = YES;
				CLANG_WARN_BOOL_CONVERSION = YES;
				CLANG_WARN_COMMA = YES;
				CLANG_WARN_CONSTANT_CONVERSION = YES;
				CLANG_WARN_DEPRECATED_OBJC_IMPLEMENTATIONS = YES;
				CLANG_WARN_DIRECT_OBJC_ISA_USAGE = YES_ERROR;
				CLANG_WARN_DOCUMENTATION_COMMENTS = YES;
				CLANG_WARN_EMPTY_BODY = YES;
				CLANG_WARN_ENUM_CONVERSION = YES;
				CLANG_WARN_INFINITE_RECURSION = YES;
				CLANG_WARN_INT_CONVERSION = YES;
				CLANG_WARN_NON_LITERAL_NULL_CONVERSION = YES;
				CLANG_WARN_OBJC_IMPLICIT_RETAIN_SELF = YES;
				CLANG_WARN_OBJC_LITERAL_CONVERSION = YES;
				CLANG_WARN_OBJC_ROOT_CLASS = YES_ERROR;
				CLANG_WARN_QUOTED_INCLUDE_IN_FRAMEWORK_HEADER = YES;
				CLANG_WARN_RANGE_LOOP_ANALYSIS = YES;
				CLANG_WARN_STRICT_PROTOTYPES = YES;
				CLANG_WARN_SUSPICIOUS_MOVE = YES;
				CLANG_WARN_UNGUARDED_AVAILABILITY = YES_AGGRESSIVE;
				CLANG_WARN_UNREACHABLE_CODE = YES;
				CLANG_WARN__DUPLICATE_METHOD_MATCH = YES;
				COPY_PHASE_STRIP = NO;
				DEBUG_INFORMATION_FORMAT = "dwarf-with-dsym";
				ENABLE_NS_ASSERTIONS = NO;
				ENABLE_STRICT_OBJC_MSGSEND = YES;
				GCC_C_LANGUAGE_STANDARD = gnu11;
				GCC_NO_COMMON_BLOCKS = YES;
				GCC_WARN_64_TO_32_BIT_CONVERSION = YES;
				GCC_WARN_ABOUT_RETURN_TYPE = YES_ERROR;
				GCC_WARN_UNDECLARED_SELECTOR = YES;
				GCC_WARN_UNINITIALIZED_AUTOS = YES_AGGRESSIVE;
				GCC_WARN_UNUSED_FUNCTION = YES;
				GCC_WARN_UNUSED_VARIABLE = YES;
				MACOSX_DEPLOYMENT_TARGET = 10.15;
				MTL_ENABLE_DEBUG_INFO = NO;
				MTL_FAST_MATH = YES;
				SDKROOT = macosx;
			};
			name = Release;
		};
		3867FA1827772C0D005E1948 /* Debug */ = {
			isa = XCBuildConfiguration;
			buildSettings = {
				CODE_SIGN_STYLE = Automatic;
				HEADER_SEARCH_PATHS = /usr/local/include;
				LIBRARY_SEARCH_PATHS = /usr/local/lib;
				PRODUCT_NAME = "$(TARGET_NAME)";
			};
			name = Debug;
		};
		3867FA1927772C0D005E1948 /* Release */ = {
			isa = XCBuildConfiguration;
			buildSettings = {
				CODE_SIGN_STYLE = Automatic;
				HEADER_SEARCH_PATHS = /usr/local/include;
				LIBRARY_SEARCH_PATHS = /usr/local/lib;
				PRODUCT_NAME = "$(TARGET_NAME)";
			};
			name = Release;
		};
/* End XCBuildConfiguration section */

/* Begin XCConfigurationList section */
		3867FA0B27772C0D005E1948 /* Build configuration list for PBXProject "OpenglLearn" */ = {
			isa = XCConfigurationList;
			buildConfigurations = (
				3867FA1527772C0D005E1948 /* Debug */,
				3867FA1627772C0D005E1948 /* Release */,
			);
			defaultConfigurationIsVisible = 0;
			defaultConfigurationName = Release;
		};
		3867FA1727772C0D005E1948 /* Build configuration list for PBXNativeTarget "OpenglLearn" */ = {
			isa = XCConfigurationList;
			buildConfigurations = (
				3867FA1827772C0D005E1948 /* Debug */,
				3867FA1927772C0D005E1948 /* Release */,
			);
			defaultConfigurationIsVisible = 0;
			defaultConfigurationName = Release;
		};
/* End XCConfigurationList section */
	};
	rootObject = 3867FA0827772C0D005E1948 /* Project object */;
}
